
Microsoft Visual Studio Solution File, Format Version 10.00
# Visual Studio 2008
Project("{FAE04EC0-301F-11D3-BF4B-00C04F79EFBC}") = "SilverlightProfilerRuntime", "SilverlightProfilerRuntime\SilverlightProfilerRuntime.csproj", "{1C895538-1BBF-453B-99BD-35D5A8BF74C9}"
EndProject
Project("{FAE04EC0-301F-11D3-BF4B-00C04F79EFBC}") = "SilverlightProfiler", "SilverlightProfiler\SilverlightProfiler.csproj", "{17683799-94FF-4B75-86B1-8B825DFCD6AE}"
EndProject
Project("{FAE04EC0-301F-11D3-BF4B-00C04F79EFBC}") = "RemoveStrongNames", "RemoveStrongNames\RemoveStrongNames.csproj", "{06EBC836-AA33-4763-A9EA-36A53B4A6F16}"
EndProject
Project("{FAE04EC0-301F-11D3-BF4B-00C04F79EFBC}") = "SilverlightProfilerUnitTest", "SilverlightProfilerUnitTest\SilverlightProfilerUnitTest.csproj", "{6BBCAAC0-6FC6-45E0-BC86-EADB0D1C2C2D}"
EndProject
Project("{FAE04EC0-301F-11D3-BF4B-00C04F79EFBC}") = "SilverlightTestApplication", "SilverlightTestApplication\SilverlightTestApplication.csproj", "{254F0255-9149-4E1C-83CB-94B25221E908}"
	ProjectSection(ProjectDependencies) = postProject
		{17683799-94FF-4B75-86B1-8B825DFCD6AE} = {17683799-94FF-4B75-86B1-8B825DFCD6AE}
	EndProjectSection
EndProject
Project("{FAE04EC0-301F-11D3-BF4B-00C04F79EFBC}") = "SilverlightTestApplication.Web", "SilverlightTestApplication.Web\SilverlightTestApplication.Web.csproj", "{19F5CF42-4095-4755-984E-6707AEA3EECE}"
EndProject
Global
	GlobalSection(SolutionConfigurationPlatforms) = preSolution
		Debug|Any CPU = Debug|Any CPU
		Release|Any CPU = Release|Any CPU
	EndGlobalSection
	GlobalSection(ProjectConfigurationPlatforms) = postSolution
		{1C895538-1BBF-453B-99BD-35D5A8BF74C9}.Debug|Any CPU.ActiveCfg = Debug|Any CPU
		{1C895538-1BBF-453B-99BD-35D5A8BF74C9}.Debug|Any CPU.Build.0 = Debug|Any CPU
		{1C895538-1BBF-453B-99BD-35D5A8BF74C9}.Release|Any CPU.ActiveCfg = Release|Any CPU
		{1C895538-1BBF-453B-99BD-35D5A8BF74C9}.Release|Any CPU.Build.0 = Release|Any CPU
		{17683799-94FF-4B75-86B1-8B825DFCD6AE}.Debug|Any CPU.ActiveCfg = Debug|Any CPU
		{17683799-94FF-4B75-86B1-8B825DFCD6AE}.Debug|Any CPU.Build.0 = Debug|Any CPU
		{17683799-94FF-4B75-86B1-8B825DFCD6AE}.Release|Any CPU.ActiveCfg = Release|Any CPU
		{17683799-94FF-4B75-86B1-8B825DFCD6AE}.Release|Any CPU.Build.0 = Release|Any CPU
		{06EBC836-AA33-4763-A9EA-36A53B4A6F16}.Debug|Any CPU.ActiveCfg = Debug|Any CPU
		{06EBC836-AA33-4763-A9EA-36A53B4A6F16}.Debug|Any CPU.Build.0 = Debug|Any CPU
		{06EBC836-AA33-4763-A9EA-36A53B4A6F16}.Release|Any CPU.ActiveCfg = Release|Any CPU
		{06EBC836-AA33-4763-A9EA-36A53B4A6F16}.Release|Any CPU.Build.0 = Release|Any CPU
		{6BBCAAC0-6FC6-45E0-BC86-EADB0D1C2C2D}.Debug|Any CPU.ActiveCfg = Debug|Any CPU
		{6BBCAAC0-6FC6-45E0-BC86-EADB0D1C2C2D}.Debug|Any CPU.Build.0 = Debug|Any CPU
		{6BBCAAC0-6FC6-45E0-BC86-EADB0D1C2C2D}.Release|Any CPU.ActiveCfg = Release|Any CPU
		{6BBCAAC0-6FC6-45E0-BC86-EADB0D1C2C2D}.Release|Any CPU.Build.0 = Release|Any CPU
		{254F0255-9149-4E1C-83CB-94B25221E908}.Debug|Any CPU.ActiveCfg = Debug|Any CPU
		{254F0255-9149-4E1C-83CB-94B25221E908}.Debug|Any CPU.Build.0 = Debug|Any CPU
		{254F0255-9149-4E1C-83CB-94B25221E908}.Release|Any CPU.ActiveCfg = Release|Any CPU
		{254F0255-9149-4E1C-83CB-94B25221E908}.Release|Any CPU.Build.0 = Release|Any CPU
		{19F5CF42-4095-4755-984E-6707AEA3EECE}.Debug|Any CPU.ActiveCfg = Debug|Any CPU
		{19F5CF42-4095-4755-984E-6707AEA3EECE}.Debug|Any CPU.Build.0 = Debug|Any CPU
		{19F5CF42-4095-4755-984E-6707AEA3EECE}.Release|Any CPU.ActiveCfg = Release|Any CPU
		{19F5CF42-4095-4755-984E-6707AEA3EECE}.Release|Any CPU.Build.0 = Release|Any CPU
	EndGlobalSection
	GlobalSection(SolutionProperties) = preSolution
		HideSolutionNode = FALSE
	EndGlobalSection
EndGlobal
